Microsoft Visual Studio Solution File, Format Version 11.00
# Visual Studio 2010
Project("{FAE04EC0-301F-11D3-BF4B-00C04F79EFBC}") = "InitializeDB", "InitializeDB\InitializeDB.csproj", "{707DAD7F-5632-4AD7-860E-73A181C52EE2}"
EndProject
Project("{FAE04EC0-301F-11D3-BF4B-00C04F79EFBC}") = "AppEstadioGenNHibernate", "AppEstadioGenNHibernate\AppEstadioGenNHibernate.csproj", "{66C66636-FD6A-4A3F-A7C5-FE88BBA117AF}"
EndProject
Project("{FAE04EC0-301F-11D3-BF4B-00C04F79EFBC}") = "AppEstadioCP", "AppEstadioCP\AppEstadioCP.csproj", "{D4CB224B-8B66-402C-90CD-2E8168D2C104}"
EndProject
Project("{FAE04EC0-301F-11D3-BF4B-00C04F79EFBC}") = "AppEstadio_WPF_MVP", "AppEstadio_MVP\AppEstadio_WPF_MVP.csproj", "{BECFF20C-48F8-4BC4-AE0C-3D009ED8DF49}"
EndProject
Project("{FAE04EC0-301F-11D3-BF4B-00C04F79EFBC}") = "AppEstadio_GestorLocal", "AppEstadio_GestorLocal\AppEstadio_GestorLocal.csproj", "{B79F07F6-DF6A-4AA5-A21F-6305EA8831E1}"
EndProject
Global
	GlobalSection(SolutionConfigurationPlatforms) = preSolution
		Debug|Any CPU = Debug|Any CPU
		Debug|Mixed Platforms = Debug|Mixed Platforms
		Debug|x86 = Debug|x86
		Release|Any CPU = Release|Any CPU
		Release|Mixed Platforms = Release|Mixed Platforms
		Release|x86 = Release|x86
	EndGlobalSection
	GlobalSection(ProjectConfigurationPlatforms) = postSolution
		{707DAD7F-5632-4AD7-860E-73A181C52EE2}.Debug|Any CPU.ActiveCfg = Debug|x86
		{707DAD7F-5632-4AD7-860E-73A181C52EE2}.Debug|Mixed Platforms.ActiveCfg = Debug|x86
		{707DAD7F-5632-4AD7-860E-73A181C52EE2}.Debug|Mixed Platforms.Build.0 = Debug|x86
		{707DAD7F-5632-4AD7-860E-73A181C52EE2}.Debug|x86.ActiveCfg = Debug|x86
		{707DAD7F-5632-4AD7-860E-73A181C52EE2}.Debug|x86.Build.0 = Debug|x86
		{707DAD7F-5632-4AD7-860E-73A181C52EE2}.Release|Any CPU.ActiveCfg = Release|x86
		{707DAD7F-5632-4AD7-860E-73A181C52EE2}.Release|Mixed Platforms.ActiveCfg = Release|x86
		{707DAD7F-5632-4AD7-860E-73A181C52EE2}.Release|Mixed Platforms.Build.0 = Release|x86
		{707DAD7F-5632-4AD7-860E-73A181C52EE2}.Release|x86.ActiveCfg = Release|x86
		{707DAD7F-5632-4AD7-860E-73A181C52EE2}.Release|x86.Build.0 = Release|x86
		{66C66636-FD6A-4A3F-A7C5-FE88BBA117AF}.Debug|Any CPU.ActiveCfg = Debug|Any CPU
		{66C66636-FD6A-4A3F-A7C5-FE88BBA117AF}.Debug|Any CPU.Build.0 = Debug|Any CPU
		{66C66636-FD6A-4A3F-A7C5-FE88BBA117AF}.Debug|Mixed Platforms.ActiveCfg = Debug|Any CPU
		{66C66636-FD6A-4A3F-A7C5-FE88BBA117AF}.Debug|Mixed Platforms.Build.0 = Debug|Any CPU
		{66C66636-FD6A-4A3F-A7C5-FE88BBA117AF}.Debug|x86.ActiveCfg = Debug|Any CPU
		{66C66636-FD6A-4A3F-A7C5-FE88BBA117AF}.Release|Any CPU.ActiveCfg = Release|Any CPU
		{66C66636-FD6A-4A3F-A7C5-FE88BBA117AF}.Release|Any CPU.Build.0 = Release|Any CPU
		{66C66636-FD6A-4A3F-A7C5-FE88BBA117AF}.Release|Mixed Platforms.ActiveCfg = Release|Any CPU
		{66C66636-FD6A-4A3F-A7C5-FE88BBA117AF}.Release|Mixed Platforms.Build.0 = Release|Any CPU
		{66C66636-FD6A-4A3F-A7C5-FE88BBA117AF}.Release|x86.ActiveCfg = Release|Any CPU
		{D4CB224B-8B66-402C-90CD-2E8168D2C104}.Debug|Any CPU.ActiveCfg = Debug|Any CPU
		{D4CB224B-8B66-402C-90CD-2E8168D2C104}.Debug|Any CPU.Build.0 = Debug|Any CPU
		{D4CB224B-8B66-402C-90CD-2E8168D2C104}.Debug|Mixed Platforms.ActiveCfg = Debug|Any CPU
		{D4CB224B-8B66-402C-90CD-2E8168D2C104}.Debug|Mixed Platforms.Build.0 = Debug|Any CPU
		{D4CB224B-8B66-402C-90CD-2E8168D2C104}.Debug|x86.ActiveCfg = Debug|Any CPU
		{D4CB224B-8B66-402C-90CD-2E8168D2C104}.Release|Any CPU.ActiveCfg = Release|Any CPU
		{D4CB224B-8B66-402C-90CD-2E8168D2C104}.Release|Any CPU.Build.0 = Release|Any CPU
		{D4CB224B-8B66-402C-90CD-2E8168D2C104}.Release|Mixed Platforms.ActiveCfg = Release|Any CPU
		{D4CB224B-8B66-402C-90CD-2E8168D2C104}.Release|Mixed Platforms.Build.0 = Release|Any CPU
		{D4CB224B-8B66-402C-90CD-2E8168D2C104}.Release|x86.ActiveCfg = Release|Any CPU
		{BECFF20C-48F8-4BC4-AE0C-3D009ED8DF49}.Debug|Any CPU.ActiveCfg = Debug|x86
		{BECFF20C-48F8-4BC4-AE0C-3D009ED8DF49}.Debug|Mixed Platforms.ActiveCfg = Debug|x86
		{BECFF20C-48F8-4BC4-AE0C-3D009ED8DF49}.Debug|Mixed Platforms.Build.0 = Debug|x86
		{BECFF20C-48F8-4BC4-AE0C-3D009ED8DF49}.Debug|x86.ActiveCfg = Debug|x86
		{BECFF20C-48F8-4BC4-AE0C-3D009ED8DF49}.Debug|x86.Build.0 = Debug|x86
		{BECFF20C-48F8-4BC4-AE0C-3D009ED8DF49}.Release|Any CPU.ActiveCfg = Release|x86
		{BECFF20C-48F8-4BC4-AE0C-3D009ED8DF49}.Release|Mixed Platforms.ActiveCfg = Release|x86
		{BECFF20C-48F8-4BC4-AE0C-3D009ED8DF49}.Release|Mixed Platforms.Build.0 = Release|x86
		{BECFF20C-48F8-4BC4-AE0C-3D009ED8DF49}.Release|x86.ActiveCfg = Release|x86
		{BECFF20C-48F8-4BC4-AE0C-3D009ED8DF49}.Release|x86.Build.0 = Release|x86
		{B79F07F6-DF6A-4AA5-A21F-6305EA8831E1}.Debug|Any CPU.ActiveCfg = Debug|Any CPU
		{B79F07F6-DF6A-4AA5-A21F-6305EA8831E1}.Debug|Any CPU.Build.0 = Debug|Any CPU
		{B79F07F6-DF6A-4AA5-A21F-6305EA8831E1}.Debug|Mixed Platforms.ActiveCfg = Debug|Any CPU
		{B79F07F6-DF6A-4AA5-A21F-6305EA8831E1}.Debug|Mixed Platforms.Build.0 = Debug|Any CPU
		{B79F07F6-DF6A-4AA5-A21F-6305EA8831E1}.Debug|x86.ActiveCfg = Debug|Any CPU
		{B79F07F6-DF6A-4AA5-A21F-6305EA8831E1}.Release|Any CPU.ActiveCfg = Release|Any CPU
		{B79F07F6-DF6A-4AA5-A21F-6305EA8831E1}.Release|Any CPU.Build.0 = Release|Any CPU
		{B79F07F6-DF6A-4AA5-A21F-6305EA8831E1}.Release|Mixed Platforms.ActiveCfg = Release|Any CPU
		{B79F07F6-DF6A-4AA5-A21F-6305EA8831E1}.Release|Mixed Platforms.Build.0 = Release|Any CPU
		{B79F07F6-DF6A-4AA5-A21F-6305EA8831E1}.Release|x86.ActiveCfg = Release|Any CPU
	EndGlobalSection
	GlobalSection(SolutionProperties) = preSolution
		HideSolutionNode = FALSE
	EndGlobalSection
EndGlobal
