
Microsoft Visual Studio Solution File, Format Version 11.00
# Visual Studio 2010
Project("{FAE04EC0-301F-11D3-BF4B-00C04F79EFBC}") = "WpfApplication1", "WpfApplication1\WpfApplication1.csproj", "{b1102d6d-b0a0-46d2-8b78-2bab12ccde4d}"
EndProject
Global
	GlobalSection(SolutionConfigurationPlatforms) = preSolution
		Debug|Any CPU = Debug|Any CPU
		Release|Any CPU = Release|Any CPU
	EndGlobalSection
	GlobalSection(ProjectConfigurationPlatforms) = postSolution
		{B1102D6D-B0A0-46D2-8B78-2BAB12CCDE4D}.Debug|Any CPU.ActiveCfg = Debug|Any CPU
		{B1102D6D-B0A0-46D2-8B78-2BAB12CCDE4D}.Debug|Any CPU.Build.0 = Debug|Any CPU
		{B1102D6D-B0A0-46D2-8B78-2BAB12CCDE4D}.Release|Any CPU.ActiveCfg = Release|Any CPU
		{B1102D6D-B0A0-46D2-8B78-2BAB12CCDE4D}.Release|Any CPU.Build.0 = Release|Any CPU
	EndGlobalSection
EndGlobal
